
Microsoft Visual Studio Solution File, Format Version 12.00
# Visual Studio Version 16
VisualStudioVersion = 16.0.29926.136
MinimumVisualStudioVersion = 10.0.40219.1
Project("{FAE04EC0-301F-11D3-BF4B-00C04F79EFBC}") = "PersonelApp.UI", "PersonelApp.UI\PersonelApp.UI.csproj", "{73DD3608-1050-4037-B2AF-8C47F6FAC088}"
EndProject
Project("{FAE04EC0-301F-11D3-BF4B-00C04F79EFBC}") = "PersonelApp.Model", "PersonelApp.Model\PersonelApp.Model.csproj", "{A5C8B193-E279-453B-97C3-6F87DB7AE097}"
EndProject
Project("{FAE04EC0-301F-11D3-BF4B-00C04F79EFBC}") = "PersonelApp.Data", "PersonelApp.Data\PersonelApp.Data.csproj", "{7ADD5640-A141-4EF6-9290-472103CDBBE6}"
EndProject
Global
	GlobalSection(SolutionConfigurationPlatforms) = preSolution
		Debug|Any CPU = Debug|Any CPU
		Release|Any CPU = Release|Any CPU
	EndGlobalSection
	GlobalSection(ProjectConfigurationPlatforms) = postSolution
		{73DD3608-1050-4037-B2AF-8C47F6FAC088}.Debug|Any CPU.ActiveCfg = Debug|Any CPU
		{73DD3608-1050-4037-B2AF-8C47F6FAC088}.Debug|Any CPU.Build.0 = Debug|Any CPU
		{73DD3608-1050-4037-B2AF-8C47F6FAC088}.Release|Any CPU.ActiveCfg = Release|Any CPU
		{73DD3608-1050-4037-B2AF-8C47F6FAC088}.Release|Any CPU.Build.0 = Release|Any CPU
		{A5C8B193-E279-453B-97C3-6F87DB7AE097}.Debug|Any CPU.ActiveCfg = Debug|Any CPU
		{A5C8B193-E279-453B-97C3-6F87DB7AE097}.Debug|Any CPU.Build.0 = Debug|Any CPU
		{A5C8B193-E279-453B-97C3-6F87DB7AE097}.Release|Any CPU.ActiveCfg = Release|Any CPU
		{A5C8B193-E279-453B-97C3-6F87DB7AE097}.Release|Any CPU.Build.0 = Release|Any CPU
		{7ADD5640-A141-4EF6-9290-472103CDBBE6}.Debug|Any CPU.ActiveCfg = Debug|Any CPU
		{7ADD5640-A141-4EF6-9290-472103CDBBE6}.Debug|Any CPU.Build.0 = Debug|Any CPU
		{7ADD5640-A141-4EF6-9290-472103CDBBE6}.Release|Any CPU.ActiveCfg = Release|Any CPU
		{7ADD5640-A141-4EF6-9290-472103CDBBE6}.Release|Any CPU.Build.0 = Release|Any CPU
	EndGlobalSection
	GlobalSection(SolutionProperties) = preSolution
		HideSolutionNode = FALSE
	EndGlobalSection
	GlobalSection(ExtensibilityGlobals) = postSolution
		SolutionGuid = {3D790846-23DE-4E90-8C38-7FD523F133DC}
	EndGlobalSection
EndGlobal
